{
  "name": "@writetome51/public-array-inserter",
  "version": "3.0.3",
  "lockfileVersion": 1,
  "requires": true,
  "dependencies": {
    "@writetome51/array-insert-at": {
      "version": "2.0.3",
      "resolved": "https://registry.npmjs.org/@writetome51/array-insert-at/-/array-insert-at-2.0.3.tgz",
      "integrity": "sha512-4WyL4UL/U3ymMQl3i2xMQ2xSx3X+MSsrK6EV84K7rxAb/g3L+LoPbkAF19eU6KerdIZ3Aw5OXaIAPkyGFAbB2Q==",
      "requires": {
        "error-if-index-not-valid": "~1.0.0",
        "error-if-values-are-not-arrays": "~1.0.3"
      }
    },
    "@writetome51/array-insert-middle": {
      "version": "1.0.5",
      "resolved": "https://registry.npmjs.org/@writetome51/array-insert-middle/-/array-insert-middle-1.0.5.tgz",
      "integrity": "sha512-wCfT6sjaBCsrQ5RIZO3OkbgNWOBuXYyz+idvGUreolp4M04NCZJWesEzWM8VNAXnxRDzAG+lPzY24OfvyAh+Lg==",
      "requires": {
        "@writetome51/array-insert-at": "~2.0.3",
        "@writetome51/get-rounded-up-down": "~1.0.10",
        "error-if-index-not-valid-after-offset-was-added": "~1.0.0",
        "error-if-not-integer": "~1.0.0"
      }
    },
    "@writetome51/arrays-match": {
      "version": "1.0.6",
      "resolved": "https://registry.npmjs.org/@writetome51/arrays-match/-/arrays-match-1.0.6.tgz",
      "integrity": "sha512-W5UxnYVYO/PZBXxI3kGt6O2dn++yN/gX8HTMw8wp0EiliAEwb1xz6dllnSbUfFOvFI9Wijp5TLRL/r8l3XcLag==",
      "dev": true,
      "requires": {
        "@writetome51/is-array-not-array": "~1.0.0",
        "@writetome51/is-empty-not-empty": "~1.0.0",
        "error-if-values-are-not-arrays": "~1.0.2"
      }
    },
    "@writetome51/base-class": {
      "version": "0.0.3",
      "resolved": "https://registry.npmjs.org/@writetome51/base-class/-/base-class-0.0.3.tgz",
      "integrity": "sha512-Z8WEg7FHtCq32gs55+CCRs4Vq9kOjLuDytzIjfgaYjNhOqjx2wI2sCD7c7x4qOuQ02yUmjilr2HN/nopjax2UA=="
    },
    "@writetome51/get-left-of-decimal": {
      "version": "1.0.5",
      "resolved": "https://registry.npmjs.org/@writetome51/get-left-of-decimal/-/get-left-of-decimal-1.0.5.tgz",
      "integrity": "sha512-9kypz4kiqJLXhaerpHkJvn54b235ZwQBdGqu0hoP86LGiQILWh4gFFUa80woSKMqE/J3mTSd+Yi31kAZNEp5VQ==",
      "requires": {
        "error-if-not-finite-number": "~1.0.0"
      }
    },
    "@writetome51/get-rounded-up-down": {
      "version": "1.0.10",
      "resolved": "https://registry.npmjs.org/@writetome51/get-rounded-up-down/-/get-rounded-up-down-1.0.10.tgz",
      "integrity": "sha512-PujfdEN4+hZV/LLdbAki2iLPO+kB2WPem2OoevUIq6srBwbWE9NIsmBO4DUPVwTPOJYvdlEXtofvTnTKs3i0VA==",
      "requires": {
        "@writetome51/get-left-of-decimal": "~1.0.5",
        "@writetome51/is-integer-is-float": "~1.0.0",
        "error-if-not-finite-number": "~1.0.0"
      }
    },
    "@writetome51/index-is-valid": {
      "version": "1.0.1",
      "resolved": "https://registry.npmjs.org/@writetome51/index-is-valid/-/index-is-valid-1.0.1.tgz",
      "integrity": "sha512-2w7rcK92z+24wi39fSTVGqv7mqRZGu4KdmKriCdMa2ajmiM467xm31GDstJ5OlFpOqjKzge0j7+IExfT5ItI6Q==",
      "requires": {
        "error-if-not-integer": "~1.0.0"
      }
    },
    "@writetome51/is-array-not-array": {
      "version": "1.0.0",
      "resolved": "https://registry.npmjs.org/@writetome51/is-array-not-array/-/is-array-not-array-1.0.0.tgz",
      "integrity": "sha512-u3L1FTbTXKbC1lBVSnBwJ24qtrnyz10IbSAk7E9UgoYnn7jFw9+HuIVseoSIxPnPbn6JXesPDVLI/MYSey4rJQ=="
    },
    "@writetome51/is-empty-not-empty": {
      "version": "1.0.0",
      "resolved": "https://registry.npmjs.org/@writetome51/is-empty-not-empty/-/is-empty-not-empty-1.0.0.tgz",
      "integrity": "sha512-BHPiP5bHtY5+CMUpfMlMfnU+i/9aKtQTgPy+DSlnAe1u49afxLebO70CSK8c5qbFyQizoN1HEX1cbZiyY8jsfw==",
      "dev": true,
      "requires": {
        "error-if-not-integer-zero-or-greater": "~1.0.0"
      }
    },
    "@writetome51/is-finite-number": {
      "version": "1.0.0",
      "resolved": "https://registry.npmjs.org/@writetome51/is-finite-number/-/is-finite-number-1.0.0.tgz",
      "integrity": "sha512-xr1amNVh4HAfVbv9YbzGPvyo0gRykdwODNap3xMlhXIHkZJIuEsfRpuQzPkiEf+AWDxy/dcdwzVP9JMOnu8dUg=="
    },
    "@writetome51/is-integer-is-float": {
      "version": "1.0.0",
      "resolved": "https://registry.npmjs.org/@writetome51/is-integer-is-float/-/is-integer-is-float-1.0.0.tgz",
      "integrity": "sha512-j2qLoQaxXzwctUkWvj6Ce02qhoO0e79jCC1aHYG5wD0tapjlKSHfmXeV22Wtnba/Hg+ajSxvMYAhczKwBwa9pA==",
      "requires": {
        "@writetome51/is-finite-number": "~1.0.0"
      }
    },
    "@writetome51/public-array-container": {
      "version": "2.0.3",
      "resolved": "https://registry.npmjs.org/@writetome51/public-array-container/-/public-array-container-2.0.3.tgz",
      "integrity": "sha512-msdhpa2/Q4N2COJbpQ0tabA6jE+gCdZzcuL/OFt4PcnhTFnf8WLMNjmGwA3qsqIQl7VQDO/XOfpFpQ9ICnQ9sw==",
      "requires": {
        "@writetome51/base-class": "~0.0.3",
        "error-if-not-array": "~1.0.0",
        "public-data-container-interface": "~1.0.3"
      }
    },
    "error-if-index-not-valid": {
      "version": "1.0.0",
      "resolved": "https://registry.npmjs.org/error-if-index-not-valid/-/error-if-index-not-valid-1.0.0.tgz",
      "integrity": "sha512-jvm5tfD6XRd62V1UENmmmDpUefm7LfT5ksu5f+dbrRqDAZXZKK3KvqcHaIp78YhjZKUipAIZQSNKUpNQbY5Ktw==",
      "requires": {
        "@writetome51/index-is-valid": "~1.0.0"
      }
    },
    "error-if-index-not-valid-after-offset-was-added": {
      "version": "1.0.0",
      "resolved": "https://registry.npmjs.org/error-if-index-not-valid-after-offset-was-added/-/error-if-index-not-valid-after-offset-was-added-1.0.0.tgz",
      "integrity": "sha512-Sf5a+qm2oDEeALHZoDiT9w0oguqEVeHx9x/mGtxdsDDY7OGp1ZK8M/OtrKeRHYX0Uu9dyAij72a1JOhZkGA8ig==",
      "requires": {
        "@writetome51/index-is-valid": "~1.0.0"
      }
    },
    "error-if-not-array": {
      "version": "1.0.0",
      "resolved": "https://registry.npmjs.org/error-if-not-array/-/error-if-not-array-1.0.0.tgz",
      "integrity": "sha512-Rh2IEwUKK9+60FnaBBJxaLwF8V2NrQPOBSJQePZqzCNUp+n6ETIOfyA4tKfoN8xaCD2dawmiRMWKgErM6vjE8Q==",
      "requires": {
        "@writetome51/is-array-not-array": "~1.0.0"
      }
    },
    "error-if-not-finite-number": {
      "version": "1.0.0",
      "resolved": "https://registry.npmjs.org/error-if-not-finite-number/-/error-if-not-finite-number-1.0.0.tgz",
      "integrity": "sha512-/G8OPGiHP4NLTuXmx28oOGCuj+KSyoOcor5ON3j8IVVR7aDGVA2LbZzyQXRGS2BTaMt0GnROR7amgzpXku2H5w==",
      "requires": {
        "@writetome51/is-finite-number": "~1.0.0"
      }
    },
    "error-if-not-integer": {
      "version": "1.0.0",
      "resolved": "https://registry.npmjs.org/error-if-not-integer/-/error-if-not-integer-1.0.0.tgz",
      "integrity": "sha512-Ut8ZDsm8/y1lB/rbByzZXbx61db7t2zh9LsjtsiIKFQiWhlZw3cFBMt0fU3DrakhVfZVD50txCX9gClde3abDw==",
      "requires": {
        "@writetome51/is-integer-is-float": "~1.0.0",
        "error-if-not-finite-number": "~1.0.0"
      }
    },
    "error-if-not-integer-zero-or-greater": {
      "version": "1.0.0",
      "resolved": "https://registry.npmjs.org/error-if-not-integer-zero-or-greater/-/error-if-not-integer-zero-or-greater-1.0.0.tgz",
      "integrity": "sha512-m+KocWV9yaF0eZaLbwtz8jD7cfpiZWqDc9cOLe/4QJfp/lpqlJUVan1CcbUsGciFwUYQdSybyy6gxD9jsDkSIw==",
      "dev": true,
      "requires": {
        "error-if-not-integer": "~1.0.0"
      }
    },
    "error-if-values-are-not-arrays": {
      "version": "1.0.3",
      "resolved": "https://registry.npmjs.org/error-if-values-are-not-arrays/-/error-if-values-are-not-arrays-1.0.3.tgz",
      "integrity": "sha512-YzO5HykTObGeEp33nVl6VSFOQWw5QJ7BH9YoSzLNZh+sx0TFVB+xDXVBb+OkYiTQuVDHDSFbWRQwXLiVv5EqEg==",
      "requires": {
        "error-if-not-array": "~1.0.0"
      }
    },
    "public-data-container-interface": {
      "version": "1.0.3",
      "resolved": "https://registry.npmjs.org/public-data-container-interface/-/public-data-container-interface-1.0.3.tgz",
      "integrity": "sha512-/Ol+b7P3E/utnNkr/dwXZaVyYKt0/MnWiUxTCZmmLIjhfeMInR6Ki8sHgW7ESdUbQ3SyHZK5u03K1ifnUcxIIw=="
    }
  }
}
