{
  "name": "@writetome51/public-array-inserter",
  "version": "3.0.2",
  "lockfileVersion": 1,
  "requires": true,
  "dependencies": {
    "@writetome51/array-and-index-validation": {
      "version": "1.0.6",
      "resolved": "https://registry.npmjs.org/@writetome51/array-and-index-validation/-/array-and-index-validation-1.0.6.tgz",
      "integrity": "sha512-GE0M3uhRSV6MJwu8cnsHxj5wkEPZ7OWehvsOGAQ1roUeItorJl7yvHzjkUZMKQoOPRpictr6r0Kj6zgopGu0gQ==",
      "requires": {
        "basic-data-handling": "~1.0.15",
        "error-if-not-populated-array": "~1.0.1"
      }
    },
    "@writetome51/array-insert-at": {
      "version": "2.0.2",
      "resolved": "https://registry.npmjs.org/@writetome51/array-insert-at/-/array-insert-at-2.0.2.tgz",
      "integrity": "sha512-hBDBiP2mZT7KWfcMu4FT6bKq2sM5Mk6p5DQVTuja+iBSexYESObwG+KvnyLRQcRj69OdYSgX36wnGn8eP0Tqow==",
      "requires": {
        "@writetome51/array-and-index-validation": "~1.0.6",
        "error-if-values-are-not-arrays": "~1.0.2"
      }
    },
    "@writetome51/array-insert-middle": {
      "version": "1.0.4",
      "resolved": "https://registry.npmjs.org/@writetome51/array-insert-middle/-/array-insert-middle-1.0.4.tgz",
      "integrity": "sha512-1HTCiiArQUl0HgGH4vAyv5Tp4uwgT5/kTXt2WT3/vQPjzEk0jag8MjFHa5vrV1YoZhTRm+NWZYXD8Np0S3EFig==",
      "requires": {
        "@writetome51/array-and-index-validation": "~1.0.6",
        "@writetome51/get-rounded-up-down": "~1.0.9",
        "@writetome51/is-odd-is-even": "~1.0.2",
        "basic-data-handling": "~1.0.15",
        "error-if-values-are-not-arrays": "~1.0.2"
      }
    },
    "@writetome51/arrays-match": {
      "version": "1.0.5",
      "resolved": "https://registry.npmjs.org/@writetome51/arrays-match/-/arrays-match-1.0.5.tgz",
      "integrity": "sha512-hg5i3N8g2ChvaLEh2n7H4iaLeiCgRzd+JzqH/Zwx0t06JA5HsHZ6XheJe4UgAFVBrLvJiBiof6IqgPrzyRz/Aw==",
      "dev": true,
      "requires": {
        "basic-data-handling": "~1.0.15",
        "error-if-values-are-not-arrays": "~1.0.2"
      }
    },
    "@writetome51/base-class": {
      "version": "0.0.3",
      "resolved": "https://registry.npmjs.org/@writetome51/base-class/-/base-class-0.0.3.tgz",
      "integrity": "sha512-Z8WEg7FHtCq32gs55+CCRs4Vq9kOjLuDytzIjfgaYjNhOqjx2wI2sCD7c7x4qOuQ02yUmjilr2HN/nopjax2UA=="
    },
    "@writetome51/get-left-of-decimal": {
      "version": "1.0.4",
      "resolved": "https://registry.npmjs.org/@writetome51/get-left-of-decimal/-/get-left-of-decimal-1.0.4.tgz",
      "integrity": "sha512-7JYs3MAGAfkC098odGFcaBSVduoXfgEZuq5/Jwvj7ED+ip5iwNHu30NFphZlAR/iY66+zeLi3uGlBTJCVwqong==",
      "requires": {
        "basic-data-handling": "~1.0.15"
      }
    },
    "@writetome51/get-rounded-up-down": {
      "version": "1.0.9",
      "resolved": "https://registry.npmjs.org/@writetome51/get-rounded-up-down/-/get-rounded-up-down-1.0.9.tgz",
      "integrity": "sha512-4NV4xMOsF+PvZiNCdW/UJm+cM5hLTjLYKSlUcIbMauzHL6sgNdnfg678WuCWcxrOP2pLpz6riY4vJa0cgLOzQA==",
      "requires": {
        "@writetome51/get-left-of-decimal": "~1.0.4",
        "basic-data-handling": "~1.0.15"
      }
    },
    "@writetome51/is-odd-is-even": {
      "version": "1.0.2",
      "resolved": "https://registry.npmjs.org/@writetome51/is-odd-is-even/-/is-odd-is-even-1.0.2.tgz",
      "integrity": "sha512-0XHBKmxq2SoR0HLFDrnfFJ9N3w8paFq8tgnMFAmS/94Q7QanIZFu4wq52Hq+Mlh5F7pn2AnKqgAMib/xNpLV6Q==",
      "requires": {
        "basic-data-handling": "~1.0.15"
      }
    },
    "@writetome51/public-array-container": {
      "version": "2.0.2",
      "resolved": "https://registry.npmjs.org/@writetome51/public-array-container/-/public-array-container-2.0.2.tgz",
      "integrity": "sha512-a6Ra0OAOlFG7KDbquXi02h4b9OzqTP6Uxww0wardhw1Zg22ul2bQOgJJQoD+1miEEk0U5HbpwnEsfTCImYUo9A==",
      "requires": {
        "@writetome51/base-class": "~0.0.3",
        "basic-data-handling": "~1.0.15",
        "public-data-container-interface": "~1.0.3"
      }
    },
    "basic-data-handling": {
      "version": "1.0.15",
      "resolved": "https://registry.npmjs.org/basic-data-handling/-/basic-data-handling-1.0.15.tgz",
      "integrity": "sha512-HyXRwPTfhKacukW4mMJl+3IsFC+5NzMr9flzp+XBJhHol0eAZzLxYqP7w3Cme3cziKcshzoO7Zf/9C+bewJWpA=="
    },
    "error-if-not-populated-array": {
      "version": "1.0.1",
      "resolved": "https://registry.npmjs.org/error-if-not-populated-array/-/error-if-not-populated-array-1.0.1.tgz",
      "integrity": "sha512-XKN0WUVUNrDOsB1PuBRQJ4/tVOeFceioLm+QPOpCkQaZlD9vVYZf+pRrFIoiqzVno7bx7AI2lNIfMWf7gRarvg==",
      "requires": {
        "basic-data-handling": "~1.0.13"
      }
    },
    "error-if-values-are-not-arrays": {
      "version": "1.0.2",
      "resolved": "https://registry.npmjs.org/error-if-values-are-not-arrays/-/error-if-values-are-not-arrays-1.0.2.tgz",
      "integrity": "sha512-HD4BW6LoQpF0aGVIW1UCsY8LLnB+19kGoYs2HaB8CcaBcGw0ed3XnwJTSb/sr8YqLFkhfFO5bsaFB8savUPKsw==",
      "requires": {
        "basic-data-handling": "~1.0.13"
      }
    },
    "public-data-container-interface": {
      "version": "1.0.3",
      "resolved": "https://registry.npmjs.org/public-data-container-interface/-/public-data-container-interface-1.0.3.tgz",
      "integrity": "sha512-/Ol+b7P3E/utnNkr/dwXZaVyYKt0/MnWiUxTCZmmLIjhfeMInR6Ki8sHgW7ESdUbQ3SyHZK5u03K1ifnUcxIIw=="
    }
  }
}
