{
  "name": "@writetome51/public-array-inserter",
  "version": "2.0.0",
  "lockfileVersion": 1,
  "requires": true,
  "dependencies": {
    "@writetome51/array-and-index-validation": {
      "version": "1.0.2",
      "resolved": "https://registry.npmjs.org/@writetome51/array-and-index-validation/-/array-and-index-validation-1.0.2.tgz",
      "integrity": "sha512-KHeEgYH93DLtHlEPryaabfIDdTx4mhmy98xsxlA9wvEjmu5yjM4XzjhLRIQlqzOCjEpwKJZT5Zs/hDXWcHA68g==",
      "requires": {
        "basic-data-handling": "^1.0.13"
      }
    },
    "@writetome51/array-insert-at": {
      "version": "2.0.0",
      "resolved": "https://registry.npmjs.org/@writetome51/array-insert-at/-/array-insert-at-2.0.0.tgz",
      "integrity": "sha512-6WRmy6qHdcCeLYcRrcRs0vQQLRHEAimFOw7Fua68qAZtuHxBtztO2++8rC7PymbijOKaT9KYGkdpXPVBL6GnwA==",
      "requires": {
        "@writetome51/array-and-index-validation": "~1.0.2",
        "error-if-values-are-not-arrays": "~1.0.0"
      }
    },
    "@writetome51/array-insert-middle": {
      "version": "1.0.3",
      "resolved": "https://registry.npmjs.org/@writetome51/array-insert-middle/-/array-insert-middle-1.0.3.tgz",
      "integrity": "sha512-G0sRqPj0J533LX4rCwK6tjpK08s3m9aneUMy1DeiU4vW0yGFH+xKwF/izOpNh66AQxkZ3BRwe2cV5JlNxrzLCw==",
      "requires": {
        "@writetome51/array-and-index-validation": "~1.0.2",
        "@writetome51/get-rounded-up-down": "~1.0.7",
        "@writetome51/is-odd-is-even": "~1.0.0",
        "basic-data-handling": "~1.0.13",
        "error-if-values-are-not-arrays": "~1.0.0"
      }
    },
    "@writetome51/arrays-match": {
      "version": "1.0.3",
      "resolved": "https://registry.npmjs.org/@writetome51/arrays-match/-/arrays-match-1.0.3.tgz",
      "integrity": "sha512-5KCbcOQE1+mHew1JGMOu5m9whlCA5uyLQT58qZrQHvBZP8SUutBKWGUdYjMrOKRw41I024x1+knE/8uPmUtWow==",
      "dev": true,
      "requires": {
        "basic-data-handling": "~1.0.13",
        "error-if-values-are-not-arrays": "~1.0.2"
      }
    },
    "@writetome51/get-left-of-decimal": {
      "version": "1.0.2",
      "resolved": "https://registry.npmjs.org/@writetome51/get-left-of-decimal/-/get-left-of-decimal-1.0.2.tgz",
      "integrity": "sha512-9SQwFuLCoaQVFGvLR0BL43QXaglBTf/m54gDOm6He4A/YfljC8iG9By+t6m5e/YzuOxCetxsfAVFEHiHg92r+g==",
      "requires": {
        "basic-data-handling": "^1.0.13"
      }
    },
    "@writetome51/get-rounded-up-down": {
      "version": "1.0.7",
      "resolved": "https://registry.npmjs.org/@writetome51/get-rounded-up-down/-/get-rounded-up-down-1.0.7.tgz",
      "integrity": "sha512-T1hcMwNRSgvQTOdrKz6dckeG4Msp5HMTkc+ovTzSSIWCYNMr+sTB85lJQWadA0Ey/KGVpAw1r5WgjGukK4mD9Q==",
      "requires": {
        "@writetome51/get-left-of-decimal": "^1.0.2",
        "basic-data-handling": "^1.0.13"
      }
    },
    "@writetome51/is-odd-is-even": {
      "version": "1.0.0",
      "resolved": "https://registry.npmjs.org/@writetome51/is-odd-is-even/-/is-odd-is-even-1.0.0.tgz",
      "integrity": "sha512-y3YvwBx2IBFOk0LlgukRThiaBhDH5IicSc6TFZq72OAuVF6xvHRWw1/33UqTn50QQqFLHYOmrHBuDjdebKSR0g==",
      "requires": {
        "basic-data-handling": "^1.0.13"
      }
    },
    "@writetome51/public-array-container": {
      "version": "1.0.4",
      "resolved": "https://registry.npmjs.org/@writetome51/public-array-container/-/public-array-container-1.0.4.tgz",
      "integrity": "sha512-3jOz7kIFTUc6mWssKvsQJ6uQmurL7JjvAruDwKQjU7TfpqzI6MyjJ3ahnDTMHmJhKtS8sLQip+5XYMS7XWGrHQ==",
      "requires": {
        "basic-data-handling": "~1.0.13",
        "batch-getter-setter": "~1.0.0",
        "public-data-container-interface": "~1.0.3"
      }
    },
    "basic-data-handling": {
      "version": "1.0.13",
      "resolved": "https://registry.npmjs.org/basic-data-handling/-/basic-data-handling-1.0.13.tgz",
      "integrity": "sha512-YRXUq0keESBb4XXzFAStPYJjviRx6CPPSzT/EfpMOLRfBrhnbBeKD2n+kfZyw2zvjreClf16xPF0tDjiLO+ogw=="
    },
    "batch-getter-setter": {
      "version": "1.0.0",
      "resolved": "https://registry.npmjs.org/batch-getter-setter/-/batch-getter-setter-1.0.0.tgz",
      "integrity": "sha512-o4a6NURLje2lxgngkTknmT4DKv4pAekj+1YqU0UIPNmeAMW2SvyaNqeCVcA0x5pkTYcSu/0bvMGzSc4e3H8H1g==",
      "requires": {
        "method-chainable": "^1.0.0"
      }
    },
    "error-if-values-are-not-arrays": {
      "version": "1.0.2",
      "resolved": "https://registry.npmjs.org/error-if-values-are-not-arrays/-/error-if-values-are-not-arrays-1.0.2.tgz",
      "integrity": "sha512-HD4BW6LoQpF0aGVIW1UCsY8LLnB+19kGoYs2HaB8CcaBcGw0ed3XnwJTSb/sr8YqLFkhfFO5bsaFB8savUPKsw==",
      "requires": {
        "basic-data-handling": "~1.0.13"
      }
    },
    "method-chainable": {
      "version": "1.0.0",
      "resolved": "https://registry.npmjs.org/method-chainable/-/method-chainable-1.0.0.tgz",
      "integrity": "sha512-h1CpqXp1BFqFAlkQL6lydba1Qh/iLj1TjLZzQgCwfzahGF1oTT9ry5YWIbdDyQ3hqMpS5OM8rIEb/Hiz2L9N7Q==",
      "requires": {
        "self-identifiable": "^1.0.1"
      }
    },
    "public-data-container-interface": {
      "version": "1.0.3",
      "resolved": "https://registry.npmjs.org/public-data-container-interface/-/public-data-container-interface-1.0.3.tgz",
      "integrity": "sha512-/Ol+b7P3E/utnNkr/dwXZaVyYKt0/MnWiUxTCZmmLIjhfeMInR6Ki8sHgW7ESdUbQ3SyHZK5u03K1ifnUcxIIw=="
    },
    "self-identifiable": {
      "version": "1.0.1",
      "resolved": "https://registry.npmjs.org/self-identifiable/-/self-identifiable-1.0.1.tgz",
      "integrity": "sha512-I3Rvcu0CKKBbRZJ/rS1PGY5vc/DFDW9/ioYNgPueR5bMds/qdpDMHNhlYT9fb7nDms6X6k3F5lJAL9j7M17pbQ=="
    },
    "typescript": {
      "version": "3.1.6",
      "resolved": "https://registry.npmjs.org/typescript/-/typescript-3.1.6.tgz",
      "integrity": "sha512-tDMYfVtvpb96msS1lDX9MEdHrW4yOuZ4Kdc4Him9oU796XldPYF/t2+uKoX0BBa0hXXwDlqYQbXY5Rzjzc5hBA==",
      "dev": true
    }
  }
}
